
Microsoft Visual Studio Solution File, Format Version 12.00
Project("{FAE04EC0-301F-11D3-BF4B-00C04F79EFBC}") = "RockScissorsPaper", "RockScissorsPaper\RockScissorsPaper.csproj", "{B840ACDF-4538-4947-9FFF-9C8B0E96507F}"
EndProject
Global
	GlobalSection(SolutionConfigurationPlatforms) = preSolution
		Debug|Any CPU = Debug|Any CPU
		Release|Any CPU = Release|Any CPU
	EndGlobalSection
	GlobalSection(ProjectConfigurationPlatforms) = postSolution
		{B840ACDF-4538-4947-9FFF-9C8B0E96507F}.Debug|Any CPU.ActiveCfg = Debug|Any CPU
		{B840ACDF-4538-4947-9FFF-9C8B0E96507F}.Debug|Any CPU.Build.0 = Debug|Any CPU
		{B840ACDF-4538-4947-9FFF-9C8B0E96507F}.Release|Any CPU.ActiveCfg = Release|Any CPU
		{B840ACDF-4538-4947-9FFF-9C8B0E96507F}.Release|Any CPU.Build.0 = Release|Any CPU
	EndGlobalSection
EndGlobal
